// !$*UTF8*$!
{
	archiveVersion = 1;
	classes = {
	};
	objectVersion = 56;
	objects = {

/* Begin PBXBuildFile section */
		8643183F29C072F000E3B1F4 /* AppDelegate.m in Sources */ = {isa = PBXBuildFile; fileRef = 8643183E29C072F000E3B1F4 /* AppDelegate.m */; };
		8643184229C072F000E3B1F4 /* SceneDelegate.m in Sources */ = {isa = PBXBuildFile; fileRef = 8643184129C072F000E3B1F4 /* SceneDelegate.m */; };
		8643184529C072F000E3B1F4 /* ViewController.m in Sources */ = {isa = PBXBuildFile; fileRef = 8643184429C072F000E3B1F4 /* ViewController.m */; };
		8643184829C072F000E3B1F4 /* Main.storyboard in Resources */ = {isa = PBXBuildFile; fileRef = 8643184629C072F000E3B1F4 /* Main.storyboard */; };
		8643184A29C072F100E3B1F4 /* Assets.xcassets in Resources */ = {isa = PBXBuildFile; fileRef = 8643184929C072F100E3B1F4 /* Assets.xcassets */; };
		8643184D29C072F100E3B1F4 /* LaunchScreen.storyboard in Resources */ = {isa = PBXBuildFile; fileRef = 8643184B29C072F100E3B1F4 /* LaunchScreen.storyboard */; };
		8643185029C072F100E3B1F4 /* main.m in Sources */ = {isa = PBXBuildFile; fileRef = 8643184F29C072F100E3B1F4 /* main.m */; };
		8643185B29C0761B00E3B1F4 /* NXRulerView.mm in Sources */ = {isa = PBXBuildFile; fileRef = 8643185A29C0761B00E3B1F4 /* NXRulerView.mm */; };
		8643185E29C0763C00E3B1F4 /* NXIsoscelesRightTriangleView.mm in Sources */ = {isa = PBXBuildFile; fileRef = 8643185D29C0763C00E3B1F4 /* NXIsoscelesRightTriangleView.mm */; };
		8643186129C076FF00E3B1F4 /* NXRightTriangleView.mm in Sources */ = {isa = PBXBuildFile; fileRef = 8643186029C076FF00E3B1F4 /* NXRightTriangleView.mm */; };
		8643186429C0771000E3B1F4 /* NXProtractorView.mm in Sources */ = {isa = PBXBuildFile; fileRef = 8643186329C0771000E3B1F4 /* NXProtractorView.mm */; };
		8643186A29C0774900E3B1F4 /* NXCompassView.mm in Sources */ = {isa = PBXBuildFile; fileRef = 8643186929C0774900E3B1F4 /* NXCompassView.mm */; };
		8643187429C2E5A300E3B1F4 /* NXRulerViewController.m in Sources */ = {isa = PBXBuildFile; fileRef = 8643187329C2E5A300E3B1F4 /* NXRulerViewController.m */; };
		8643187A29C2E5CF00E3B1F4 /* NXIsoscelesRightTriangleViewController.m in Sources */ = {isa = PBXBuildFile; fileRef = 8643187929C2E5CF00E3B1F4 /* NXIsoscelesRightTriangleViewController.m */; };
		8643187D29C2E5DD00E3B1F4 /* NXRightTriangleViewController.m in Sources */ = {isa = PBXBuildFile; fileRef = 8643187C29C2E5DD00E3B1F4 /* NXRightTriangleViewController.m */; };
		8643188029C2E5ED00E3B1F4 /* NXProtractorViewController.m in Sources */ = {isa = PBXBuildFile; fileRef = 8643187F29C2E5ED00E3B1F4 /* NXProtractorViewController.m */; };
		8643188329C2E60000E3B1F4 /* NXCompassViewController.m in Sources */ = {isa = PBXBuildFile; fileRef = 8643188229C2E60000E3B1F4 /* NXCompassViewController.m */; };
		86FAF1F629C85A41003A6E2D /* NXGeometryToolBoxHelper.m in Sources */ = {isa = PBXBuildFile; fileRef = 86FAF1F529C85A41003A6E2D /* NXGeometryToolBoxHelper.m */; };
		86FAF1F929CAD0A0003A6E2D /* NXGeometryBoxManager.m in Sources */ = {isa = PBXBuildFile; fileRef = 86FAF1F829CAD0A0003A6E2D /* NXGeometryBoxManager.m */; };
		86FAF1FD29CBF086003A6E2D /* NXWhiteboardView.mm in Sources */ = {isa = PBXBuildFile; fileRef = 86FAF1FC29CBF086003A6E2D /* NXWhiteboardView.mm */; };
/* End PBXBuildFile section */

/* Begin PBXFileReference section */
		8643183A29C072F000E3B1F4 /* TeacherToolkit.app */ = {isa = PBXFileReference; explicitFileType = wrapper.application; includeInIndex = 0; path = TeacherToolkit.app; sourceTree = BUILT_PRODUCTS_DIR; };
		8643183D29C072F000E3B1F4 /* AppDelegate.h */ = {isa = PBXFileReference; lastKnownFileType = sourcecode.c.h; path = AppDelegate.h; sourceTree = "<group>"; };
		8643183E29C072F000E3B1F4 /* AppDelegate.m */ = {isa = PBXFileReference; lastKnownFileType = sourcecode.c.objc; path = AppDelegate.m; sourceTree = "<group>"; };
		8643184029C072F000E3B1F4 /* SceneDelegate.h */ = {isa = PBXFileReference; lastKnownFileType = sourcecode.c.h; path = SceneDelegate.h; sourceTree = "<group>"; };
		8643184129C072F000E3B1F4 /* SceneDelegate.m */ = {isa = PBXFileReference; lastKnownFileType = sourcecode.c.objc; path = SceneDelegate.m; sourceTree = "<group>"; };
		8643184329C072F000E3B1F4 /* ViewController.h */ = {isa = PBXFileReference; lastKnownFileType = sourcecode.c.h; path = ViewController.h; sourceTree = "<group>"; };
		8643184429C072F000E3B1F4 /* ViewController.m */ = {isa = PBXFileReference; lastKnownFileType = sourcecode.c.objc; path = ViewController.m; sourceTree = "<group>"; };
		8643184729C072F000E3B1F4 /* Base */ = {isa = PBXFileReference; lastKnownFileType = file.storyboard; name = Base; path = Base.lproj/Main.storyboard; sourceTree = "<group>"; };
		8643184929C072F100E3B1F4 /* Assets.xcassets */ = {isa = PBXFileReference; lastKnownFileType = folder.assetcatalog; path = Assets.xcassets; sourceTree = "<group>"; };
		8643184C29C072F100E3B1F4 /* Base */ = {isa = PBXFileReference; lastKnownFileType = file.storyboard; name = Base; path = Base.lproj/LaunchScreen.storyboard; sourceTree = "<group>"; };
		8643184E29C072F100E3B1F4 /* Info.plist */ = {isa = PBXFileReference; lastKnownFileType = text.plist.xml; path = Info.plist; sourceTree = "<group>"; };
		8643184F29C072F100E3B1F4 /* main.m */ = {isa = PBXFileReference; lastKnownFileType = sourcecode.c.objc; path = main.m; sourceTree = "<group>"; };
		8643185929C0761B00E3B1F4 /* NXRulerView.h */ = {isa = PBXFileReference; lastKnownFileType = sourcecode.c.h; path = NXRulerView.h; sourceTree = "<group>"; };
		8643185A29C0761B00E3B1F4 /* NXRulerView.mm */ = {isa = PBXFileReference; lastKnownFileType = sourcecode.cpp.objcpp; path = NXRulerView.mm; sourceTree = "<group>"; };
		8643185C29C0763C00E3B1F4 /* NXIsoscelesRightTriangleView.h */ = {isa = PBXFileReference; lastKnownFileType = sourcecode.c.h; path = NXIsoscelesRightTriangleView.h; sourceTree = "<group>"; };
		8643185D29C0763C00E3B1F4 /* NXIsoscelesRightTriangleView.mm */ = {isa = PBXFileReference; lastKnownFileType = sourcecode.cpp.objcpp; path = NXIsoscelesRightTriangleView.mm; sourceTree = "<group>"; };
		8643185F29C076FF00E3B1F4 /* NXRightTriangleView.h */ = {isa = PBXFileReference; lastKnownFileType = sourcecode.c.h; path = NXRightTriangleView.h; sourceTree = "<group>"; };
		8643186029C076FF00E3B1F4 /* NXRightTriangleView.mm */ = {isa = PBXFileReference; lastKnownFileType = sourcecode.cpp.objcpp; path = NXRightTriangleView.mm; sourceTree = "<group>"; };
		8643186229C0771000E3B1F4 /* NXProtractorView.h */ = {isa = PBXFileReference; lastKnownFileType = sourcecode.c.h; path = NXProtractorView.h; sourceTree = "<group>"; };
		8643186329C0771000E3B1F4 /* NXProtractorView.mm */ = {isa = PBXFileReference; lastKnownFileType = sourcecode.cpp.objcpp; path = NXProtractorView.mm; sourceTree = "<group>"; };
		8643186829C0774900E3B1F4 /* NXCompassView.h */ = {isa = PBXFileReference; lastKnownFileType = sourcecode.c.h; path = NXCompassView.h; sourceTree = "<group>"; };
		8643186929C0774900E3B1F4 /* NXCompassView.mm */ = {isa = PBXFileReference; lastKnownFileType = sourcecode.cpp.objcpp; path = NXCompassView.mm; sourceTree = "<group>"; };
		8643187229C2E5A300E3B1F4 /* NXRulerViewController.h */ = {isa = PBXFileReference; lastKnownFileType = sourcecode.c.h; path = NXRulerViewController.h; sourceTree = "<group>"; };
		8643187329C2E5A300E3B1F4 /* NXRulerViewController.m */ = {isa = PBXFileReference; lastKnownFileType = sourcecode.c.objc; path = NXRulerViewController.m; sourceTree = "<group>"; };
		8643187829C2E5CF00E3B1F4 /* NXIsoscelesRightTriangleViewController.h */ = {isa = PBXFileReference; lastKnownFileType = sourcecode.c.h; path = NXIsoscelesRightTriangleViewController.h; sourceTree = "<group>"; };
		8643187929C2E5CF00E3B1F4 /* NXIsoscelesRightTriangleViewController.m */ = {isa = PBXFileReference; lastKnownFileType = sourcecode.c.objc; path = NXIsoscelesRightTriangleViewController.m; sourceTree = "<group>"; };
		8643187B29C2E5DD00E3B1F4 /* NXRightTriangleViewController.h */ = {isa = PBXFileReference; lastKnownFileType = sourcecode.c.h; path = NXRightTriangleViewController.h; sourceTree = "<group>"; };
		8643187C29C2E5DD00E3B1F4 /* NXRightTriangleViewController.m */ = {isa = PBXFileReference; lastKnownFileType = sourcecode.c.objc; path = NXRightTriangleViewController.m; sourceTree = "<group>"; };
		8643187E29C2E5ED00E3B1F4 /* NXProtractorViewController.h */ = {isa = PBXFileReference; lastKnownFileType = sourcecode.c.h; path = NXProtractorViewController.h; sourceTree = "<group>"; };
		8643187F29C2E5ED00E3B1F4 /* NXProtractorViewController.m */ = {isa = PBXFileReference; lastKnownFileType = sourcecode.c.objc; path = NXProtractorViewController.m; sourceTree = "<group>"; };
		8643188129C2E60000E3B1F4 /* NXCompassViewController.h */ = {isa = PBXFileReference; lastKnownFileType = sourcecode.c.h; path = NXCompassViewController.h; sourceTree = "<group>"; };
		8643188229C2E60000E3B1F4 /* NXCompassViewController.m */ = {isa = PBXFileReference; lastKnownFileType = sourcecode.c.objc; path = NXCompassViewController.m; sourceTree = "<group>"; };
		86DFBF8B29C81F1D00D3F73D /* NXGeometryToolLayout.hpp */ = {isa = PBXFileReference; fileEncoding = 4; lastKnownFileType = sourcecode.cpp.h; path = NXGeometryToolLayout.hpp; sourceTree = "<group>"; };
		86DFBF8D29C831DA00D3F73D /* NXGeometryToolProtocol.h */ = {isa = PBXFileReference; lastKnownFileType = sourcecode.c.h; path = NXGeometryToolProtocol.h; sourceTree = "<group>"; };
		86FAF1F429C85A41003A6E2D /* NXGeometryToolBoxHelper.h */ = {isa = PBXFileReference; lastKnownFileType = sourcecode.c.h; path = NXGeometryToolBoxHelper.h; sourceTree = "<group>"; };
		86FAF1F529C85A41003A6E2D /* NXGeometryToolBoxHelper.m */ = {isa = PBXFileReference; lastKnownFileType = sourcecode.c.objc; path = NXGeometryToolBoxHelper.m; sourceTree = "<group>"; };
		86FAF1F729CAD0A0003A6E2D /* NXGeometryBoxManager.h */ = {isa = PBXFileReference; lastKnownFileType = sourcecode.c.h; path = NXGeometryBoxManager.h; sourceTree = "<group>"; };
		86FAF1F829CAD0A0003A6E2D /* NXGeometryBoxManager.m */ = {isa = PBXFileReference; lastKnownFileType = sourcecode.c.objc; path = NXGeometryBoxManager.m; sourceTree = "<group>"; };
		86FAF1FB29CBF086003A6E2D /* NXWhiteboardView.h */ = {isa = PBXFileReference; lastKnownFileType = sourcecode.c.h; path = NXWhiteboardView.h; sourceTree = "<group>"; };
		86FAF1FC29CBF086003A6E2D /* NXWhiteboardView.mm */ = {isa = PBXFileReference; lastKnownFileType = sourcecode.cpp.objcpp; path = NXWhiteboardView.mm; sourceTree = "<group>"; };
/* End PBXFileReference section */

/* Begin PBXFrameworksBuildPhase section */
		8643183729C072F000E3B1F4 /* Frameworks */ = {
			isa = PBXFrameworksBuildPhase;
			buildActionMask = 2147483647;
			files = (
			);
			runOnlyForDeploymentPostprocessing = 0;
		};
/* End PBXFrameworksBuildPhase section */

/* Begin PBXGroup section */
		8643183129C072F000E3B1F4 = {
			isa = PBXGroup;
			children = (
				8643183C29C072F000E3B1F4 /* TeacherToolkit */,
				8643183B29C072F000E3B1F4 /* Products */,
			);
			sourceTree = "<group>";
		};
		8643183B29C072F000E3B1F4 /* Products */ = {
			isa = PBXGroup;
			children = (
				8643183A29C072F000E3B1F4 /* TeacherToolkit.app */,
			);
			name = Products;
			sourceTree = "<group>";
		};
		8643183C29C072F000E3B1F4 /* TeacherToolkit */ = {
			isa = PBXGroup;
			children = (
				86FAF1FA29CADFD9003A6E2D /* Demo */,
				8643187129C2E56F00E3B1F4 /* ViewControllers */,
				8643185629C0733000E3B1F4 /* GeometryBox */,
				8643183D29C072F000E3B1F4 /* AppDelegate.h */,
				8643183E29C072F000E3B1F4 /* AppDelegate.m */,
				8643184029C072F000E3B1F4 /* SceneDelegate.h */,
				8643184129C072F000E3B1F4 /* SceneDelegate.m */,
				8643184329C072F000E3B1F4 /* ViewController.h */,
				8643184429C072F000E3B1F4 /* ViewController.m */,
				8643184629C072F000E3B1F4 /* Main.storyboard */,
				8643184929C072F100E3B1F4 /* Assets.xcassets */,
				8643184B29C072F100E3B1F4 /* LaunchScreen.storyboard */,
				8643184E29C072F100E3B1F4 /* Info.plist */,
				8643184F29C072F100E3B1F4 /* main.m */,
			);
			path = TeacherToolkit;
			sourceTree = "<group>";
		};
		8643185629C0733000E3B1F4 /* GeometryBox */ = {
			isa = PBXGroup;
			children = (
				86DFBF8D29C831DA00D3F73D /* NXGeometryToolProtocol.h */,
				8643186829C0774900E3B1F4 /* NXCompassView.h */,
				8643186929C0774900E3B1F4 /* NXCompassView.mm */,
				86FAF1F429C85A41003A6E2D /* NXGeometryToolBoxHelper.h */,
				86FAF1F529C85A41003A6E2D /* NXGeometryToolBoxHelper.m */,
				86DFBF8B29C81F1D00D3F73D /* NXGeometryToolLayout.hpp */,
				8643185C29C0763C00E3B1F4 /* NXIsoscelesRightTriangleView.h */,
				8643185D29C0763C00E3B1F4 /* NXIsoscelesRightTriangleView.mm */,
				8643186229C0771000E3B1F4 /* NXProtractorView.h */,
				8643186329C0771000E3B1F4 /* NXProtractorView.mm */,
				8643185F29C076FF00E3B1F4 /* NXRightTriangleView.h */,
				8643186029C076FF00E3B1F4 /* NXRightTriangleView.mm */,
				8643185929C0761B00E3B1F4 /* NXRulerView.h */,
				8643185A29C0761B00E3B1F4 /* NXRulerView.mm */,
			);
			path = GeometryBox;
			sourceTree = "<group>";
		};
		8643187129C2E56F00E3B1F4 /* ViewControllers */ = {
			isa = PBXGroup;
			children = (
				8643187229C2E5A300E3B1F4 /* NXRulerViewController.h */,
				8643187329C2E5A300E3B1F4 /* NXRulerViewController.m */,
				8643187829C2E5CF00E3B1F4 /* NXIsoscelesRightTriangleViewController.h */,
				8643187929C2E5CF00E3B1F4 /* NXIsoscelesRightTriangleViewController.m */,
				8643187B29C2E5DD00E3B1F4 /* NXRightTriangleViewController.h */,
				8643187C29C2E5DD00E3B1F4 /* NXRightTriangleViewController.m */,
				8643187E29C2E5ED00E3B1F4 /* NXProtractorViewController.h */,
				8643187F29C2E5ED00E3B1F4 /* NXProtractorViewController.m */,
				8643188129C2E60000E3B1F4 /* NXCompassViewController.h */,
				8643188229C2E60000E3B1F4 /* NXCompassViewController.m */,
			);
			path = ViewControllers;
			sourceTree = "<group>";
		};
		86FAF1FA29CADFD9003A6E2D /* Demo */ = {
			isa = PBXGroup;
			children = (
				86FAF1FB29CBF086003A6E2D /* NXWhiteboardView.h */,
				86FAF1FC29CBF086003A6E2D /* NXWhiteboardView.mm */,
				86FAF1F729CAD0A0003A6E2D /* NXGeometryBoxManager.h */,
				86FAF1F829CAD0A0003A6E2D /* NXGeometryBoxManager.m */,
			);
			path = Demo;
			sourceTree = "<group>";
		};
/* End PBXGroup section */

/* Begin PBXNativeTarget section */
		8643183929C072F000E3B1F4 /* TeacherToolkit */ = {
			isa = PBXNativeTarget;
			buildConfigurationList = 8643185329C072F100E3B1F4 /* Build configuration list for PBXNativeTarget "TeacherToolkit" */;
			buildPhases = (
				8643183629C072F000E3B1F4 /* Sources */,
				8643183729C072F000E3B1F4 /* Frameworks */,
				8643183829C072F000E3B1F4 /* Resources */,
			);
			buildRules = (
			);
			dependencies = (
			);
			name = TeacherToolkit;
			productName = TeacherToolkit;
			productReference = 8643183A29C072F000E3B1F4 /* TeacherToolkit.app */;
			productType = "com.apple.product-type.application";
		};
/* End PBXNativeTarget section */

/* Begin PBXProject section */
		8643183229C072F000E3B1F4 /* Project object */ = {
			isa = PBXProject;
			attributes = {
				BuildIndependentTargetsInParallel = 1;
				CLASSPREFIX = NX;
				LastUpgradeCheck = 1420;
				TargetAttributes = {
					8643183929C072F000E3B1F4 = {
						CreatedOnToolsVersion = 14.2;
					};
				};
			};
			buildConfigurationList = 8643183529C072F000E3B1F4 /* Build configuration list for PBXProject "TeacherToolkit" */;
			compatibilityVersion = "Xcode 14.0";
			developmentRegion = en;
			hasScannedForEncodings = 0;
			knownRegions = (
				en,
				Base,
			);
			mainGroup = 8643183129C072F000E3B1F4;
			productRefGroup = 8643183B29C072F000E3B1F4 /* Products */;
			projectDirPath = "";
			projectRoot = "";
			targets = (
				8643183929C072F000E3B1F4 /* TeacherToolkit */,
			);
		};
/* End PBXProject section */

/* Begin PBXResourcesBuildPhase section */
		8643183829C072F000E3B1F4 /* Resources */ = {
			isa = PBXResourcesBuildPhase;
			buildActionMask = 2147483647;
			files = (
				8643184D29C072F100E3B1F4 /* LaunchScreen.storyboard in Resources */,
				8643184A29C072F100E3B1F4 /* Assets.xcassets in Resources */,
				8643184829C072F000E3B1F4 /* Main.storyboard in Resources */,
			);
			runOnlyForDeploymentPostprocessing = 0;
		};
/* End PBXResourcesBuildPhase section */

/* Begin PBXSourcesBuildPhase section */
		8643183629C072F000E3B1F4 /* Sources */ = {
			isa = PBXSourcesBuildPhase;
			buildActionMask = 2147483647;
			files = (
				8643186129C076FF00E3B1F4 /* NXRightTriangleView.mm in Sources */,
				8643187D29C2E5DD00E3B1F4 /* NXRightTriangleViewController.m in Sources */,
				8643188329C2E60000E3B1F4 /* NXCompassViewController.m in Sources */,
				8643185E29C0763C00E3B1F4 /* NXIsoscelesRightTriangleView.mm in Sources */,
				8643187A29C2E5CF00E3B1F4 /* NXIsoscelesRightTriangleViewController.m in Sources */,
				86FAF1F629C85A41003A6E2D /* NXGeometryToolBoxHelper.m in Sources */,
				86FAF1F929CAD0A0003A6E2D /* NXGeometryBoxManager.m in Sources */,
				8643186A29C0774900E3B1F4 /* NXCompassView.mm in Sources */,
				8643184529C072F000E3B1F4 /* ViewController.m in Sources */,
				8643183F29C072F000E3B1F4 /* AppDelegate.m in Sources */,
				86FAF1FD29CBF086003A6E2D /* NXWhiteboardView.mm in Sources */,
				8643185B29C0761B00E3B1F4 /* NXRulerView.mm in Sources */,
				8643185029C072F100E3B1F4 /* main.m in Sources */,
				8643188029C2E5ED00E3B1F4 /* NXProtractorViewController.m in Sources */,
				8643186429C0771000E3B1F4 /* NXProtractorView.mm in Sources */,
				8643187429C2E5A300E3B1F4 /* NXRulerViewController.m in Sources */,
				8643184229C072F000E3B1F4 /* SceneDelegate.m in Sources */,
			);
			runOnlyForDeploymentPostprocessing = 0;
		};
/* End PBXSourcesBuildPhase section */

/* Begin PBXVariantGroup section */
		8643184629C072F000E3B1F4 /* Main.storyboard */ = {
			isa = PBXVariantGroup;
			children = (
				8643184729C072F000E3B1F4 /* Base */,
			);
			name = Main.storyboard;
			sourceTree = "<group>";
		};
		8643184B29C072F100E3B1F4 /* LaunchScreen.storyboard */ = {
			isa = PBXVariantGroup;
			children = (
				8643184C29C072F100E3B1F4 /* Base */,
			);
			name = LaunchScreen.storyboard;
			sourceTree = "<group>";
		};
/* End PBXVariantGroup section */

/* Begin XCBuildConfiguration section */
		8643185129C072F100E3B1F4 /* Debug */ = {
			isa = XCBuildConfiguration;
			buildSettings = {
				ALWAYS_SEARCH_USER_PATHS = NO;
				CLANG_ANALYZER_NONNULL = YES;
				CLANG_ANALYZER_NUMBER_OBJECT_CONVERSION = YES_AGGRESSIVE;
				CLANG_CXX_LANGUAGE_STANDARD = "gnu++20";
				CLANG_ENABLE_MODULES = YES;
				CLANG_ENABLE_OBJC_ARC = YES;
				CLANG_ENABLE_OBJC_WEAK = YES;
				CLANG_WARN_BLOCK_CAPTURE_AUTORELEASING = YES;
				CLANG_WARN_BOOL_CONVERSION = YES;
				CLANG_WARN_COMMA = YES;
				CLANG_WARN_CONSTANT_CONVERSION = YES;
				CLANG_WARN_DEPRECATED_OBJC_IMPLEMENTATIONS = YES;
				CLANG_WARN_DIRECT_OBJC_ISA_USAGE = YES_ERROR;
				CLANG_WARN_DOCUMENTATION_COMMENTS = YES;
				CLANG_WARN_EMPTY_BODY = YES;
				CLANG_WARN_ENUM_CONVERSION = YES;
				CLANG_WARN_INFINITE_RECURSION = YES;
				CLANG_WARN_INT_CONVERSION = YES;
				CLANG_WARN_NON_LITERAL_NULL_CONVERSION = YES;
				CLANG_WARN_OBJC_IMPLICIT_RETAIN_SELF = YES;
				CLANG_WARN_OBJC_LITERAL_CONVERSION = YES;
				CLANG_WARN_OBJC_ROOT_CLASS = YES_ERROR;
				CLANG_WARN_QUOTED_INCLUDE_IN_FRAMEWORK_HEADER = YES;
				CLANG_WARN_RANGE_LOOP_ANALYSIS = YES;
				CLANG_WARN_STRICT_PROTOTYPES = YES;
				CLANG_WARN_SUSPICIOUS_MOVE = YES;
				CLANG_WARN_UNGUARDED_AVAILABILITY = YES_AGGRESSIVE;
				CLANG_WARN_UNREACHABLE_CODE = YES;
				CLANG_WARN__DUPLICATE_METHOD_MATCH = YES;
				COPY_PHASE_STRIP = NO;
				DEBUG_INFORMATION_FORMAT = dwarf;
				ENABLE_STRICT_OBJC_MSGSEND = YES;
				ENABLE_TESTABILITY = YES;
				GCC_C_LANGUAGE_STANDARD = gnu11;
				GCC_DYNAMIC_NO_PIC = NO;
				GCC_NO_COMMON_BLOCKS = YES;
				GCC_OPTIMIZATION_LEVEL = 0;
				GCC_PREPROCESSOR_DEFINITIONS = (
					"DEBUG=1",
					"$(inherited)",
				);
				GCC_WARN_64_TO_32_BIT_CONVERSION = YES;
				GCC_WARN_ABOUT_RETURN_TYPE = YES_ERROR;
				GCC_WARN_UNDECLARED_SELECTOR = YES;
				GCC_WARN_UNINITIALIZED_AUTOS = YES_AGGRESSIVE;
				GCC_WARN_UNUSED_FUNCTION = YES;
				GCC_WARN_UNUSED_VARIABLE = YES;
				IPHONEOS_DEPLOYMENT_TARGET = 16.2;
				MTL_ENABLE_DEBUG_INFO = INCLUDE_SOURCE;
				MTL_FAST_MATH = YES;
				ONLY_ACTIVE_ARCH = YES;
				SDKROOT = iphoneos;
			};
			name = Debug;
		};
		8643185229C072F100E3B1F4 /* Release */ = {
			isa = XCBuildConfiguration;
			buildSettings = {
				ALWAYS_SEARCH_USER_PATHS = NO;
				CLANG_ANALYZER_NONNULL = YES;
				CLANG_ANALYZER_NUMBER_OBJECT_CONVERSION = YES_AGGRESSIVE;
				CLANG_CXX_LANGUAGE_STANDARD = "gnu++20";
				CLANG_ENABLE_MODULES = YES;
				CLANG_ENABLE_OBJC_ARC = YES;
				CLANG_ENABLE_OBJC_WEAK = YES;
				CLANG_WARN_BLOCK_CAPTURE_AUTORELEASING = YES;
				CLANG_WARN_BOOL_CONVERSION = YES;
				CLANG_WARN_COMMA = YES;
				CLANG_WARN_CONSTANT_CONVERSION = YES;
				CLANG_WARN_DEPRECATED_OBJC_IMPLEMENTATIONS = YES;
				CLANG_WARN_DIRECT_OBJC_ISA_USAGE = YES_ERROR;
				CLANG_WARN_DOCUMENTATION_COMMENTS = YES;
				CLANG_WARN_EMPTY_BODY = YES;
				CLANG_WARN_ENUM_CONVERSION = YES;
				CLANG_WARN_INFINITE_RECURSION = YES;
				CLANG_WARN_INT_CONVERSION = YES;
				CLANG_WARN_NON_LITERAL_NULL_CONVERSION = YES;
				CLANG_WARN_OBJC_IMPLICIT_RETAIN_SELF = YES;
				CLANG_WARN_OBJC_LITERAL_CONVERSION = YES;
				CLANG_WARN_OBJC_ROOT_CLASS = YES_ERROR;
				CLANG_WARN_QUOTED_INCLUDE_IN_FRAMEWORK_HEADER = YES;
				CLANG_WARN_RANGE_LOOP_ANALYSIS = YES;
				CLANG_WARN_STRICT_PROTOTYPES = YES;
				CLANG_WARN_SUSPICIOUS_MOVE = YES;
				CLANG_WARN_UNGUARDED_AVAILABILITY = YES_AGGRESSIVE;
				CLANG_WARN_UNREACHABLE_CODE = YES;
				CLANG_WARN__DUPLICATE_METHOD_MATCH = YES;
				COPY_PHASE_STRIP = NO;
				DEBUG_INFORMATION_FORMAT = "dwarf-with-dsym";
				ENABLE_NS_ASSERTIONS = NO;
				ENABLE_STRICT_OBJC_MSGSEND = YES;
				GCC_C_LANGUAGE_STANDARD = gnu11;
				GCC_NO_COMMON_BLOCKS = YES;
				GCC_WARN_64_TO_32_BIT_CONVERSION = YES;
				GCC_WARN_ABOUT_RETURN_TYPE = YES_ERROR;
				GCC_WARN_UNDECLARED_SELECTOR = YES;
				GCC_WARN_UNINITIALIZED_AUTOS = YES_AGGRESSIVE;
				GCC_WARN_UNUSED_FUNCTION = YES;
				GCC_WARN_UNUSED_VARIABLE = YES;
				IPHONEOS_DEPLOYMENT_TARGET = 16.2;
				MTL_ENABLE_DEBUG_INFO = NO;
				MTL_FAST_MATH = YES;
				SDKROOT = iphoneos;
				VALIDATE_PRODUCT = YES;
			};
			name = Release;
		};
		8643185429C072F100E3B1F4 /* Debug */ = {
			isa = XCBuildConfiguration;
			buildSettings = {
				ASSETCATALOG_COMPILER_APPICON_NAME = AppIcon;
				ASSETCATALOG_COMPILER_GLOBAL_ACCENT_COLOR_NAME = AccentColor;
				CODE_SIGN_STYLE = Automatic;
				CURRENT_PROJECT_VERSION = 1;
				DEVELOPMENT_TEAM = X76N6QQX9B;
				GENERATE_INFOPLIST_FILE = YES;
				INFOPLIST_FILE = TeacherToolkit/Info.plist;
				INFOPLIST_KEY_UIApplicationSupportsIndirectInputEvents = YES;
				INFOPLIST_KEY_UILaunchStoryboardName = LaunchScreen;
				INFOPLIST_KEY_UIMainStoryboardFile = Main;
				INFOPLIST_KEY_UISupportedInterfaceOrientations_iPad = "UIInterfaceOrientationPortrait UIInterfaceOrientationPortraitUpsideDown UIInterfaceOrientationLandscapeLeft UIInterfaceOrientationLandscapeRight";
				INFOPLIST_KEY_UISupportedInterfaceOrientations_iPhone = "UIInterfaceOrientationPortrait UIInterfaceOrientationLandscapeLeft UIInterfaceOrientationLandscapeRight";
				IPHONEOS_DEPLOYMENT_TARGET = 13.0;
				LD_RUNPATH_SEARCH_PATHS = (
					"$(inherited)",
					"@executable_path/Frameworks",
				);
				MARKETING_VERSION = 1.0;
				PRODUCT_BUNDLE_IDENTIFIER = com.axzt.TeacherToolkit;
				PRODUCT_NAME = "$(TARGET_NAME)";
				SWIFT_EMIT_LOC_STRINGS = YES;
				TARGETED_DEVICE_FAMILY = "1,2";
			};
			name = Debug;
		};
		8643185529C072F100E3B1F4 /* Release */ = {
			isa = XCBuildConfiguration;
			buildSettings = {
				ASSETCATALOG_COMPILER_APPICON_NAME = AppIcon;
				ASSETCATALOG_COMPILER_GLOBAL_ACCENT_COLOR_NAME = AccentColor;
				CODE_SIGN_STYLE = Automatic;
				CURRENT_PROJECT_VERSION = 1;
				DEVELOPMENT_TEAM = X76N6QQX9B;
				GENERATE_INFOPLIST_FILE = YES;
				INFOPLIST_FILE = TeacherToolkit/Info.plist;
				INFOPLIST_KEY_UIApplicationSupportsIndirectInputEvents = YES;
				INFOPLIST_KEY_UILaunchStoryboardName = LaunchScreen;
				INFOPLIST_KEY_UIMainStoryboardFile = Main;
				INFOPLIST_KEY_UISupportedInterfaceOrientations_iPad = "UIInterfaceOrientationPortrait UIInterfaceOrientationPortraitUpsideDown UIInterfaceOrientationLandscapeLeft UIInterfaceOrientationLandscapeRight";
				INFOPLIST_KEY_UISupportedInterfaceOrientations_iPhone = "UIInterfaceOrientationPortrait UIInterfaceOrientationLandscapeLeft UIInterfaceOrientationLandscapeRight";
				IPHONEOS_DEPLOYMENT_TARGET = 13.0;
				LD_RUNPATH_SEARCH_PATHS = (
					"$(inherited)",
					"@executable_path/Frameworks",
				);
				MARKETING_VERSION = 1.0;
				PRODUCT_BUNDLE_IDENTIFIER = com.axzt.TeacherToolkit;
				PRODUCT_NAME = "$(TARGET_NAME)";
				SWIFT_EMIT_LOC_STRINGS = YES;
				TARGETED_DEVICE_FAMILY = "1,2";
			};
			name = Release;
		};
/* End XCBuildConfiguration section */

/* Begin XCConfigurationList section */
		8643183529C072F000E3B1F4 /* Build configuration list for PBXProject "TeacherToolkit" */ = {
			isa = XCConfigurationList;
			buildConfigurations = (
				8643185129C072F100E3B1F4 /* Debug */,
				8643185229C072F100E3B1F4 /* Release */,
			);
			defaultConfigurationIsVisible = 0;
			defaultConfigurationName = Release;
		};
		8643185329C072F100E3B1F4 /* Build configuration list for PBXNativeTarget "TeacherToolkit" */ = {
			isa = XCConfigurationList;
			buildConfigurations = (
				8643185429C072F100E3B1F4 /* Debug */,
				8643185529C072F100E3B1F4 /* Release */,
			);
			defaultConfigurationIsVisible = 0;
			defaultConfigurationName = Release;
		};
/* End XCConfigurationList section */
	};
	rootObject = 8643183229C072F000E3B1F4 /* Project object */;
}
